
Microsoft Visual Studio Solution File, Format Version 12.00
# Visual Studio Version 16
VisualStudioVersion = 16.0.31205.134
MinimumVisualStudioVersion = 10.0.40219.1
Project("{FAE04EC0-301F-11D3-BF4B-00C04F79EFBC}") = "MicrosoftGraph", "MicrosoftGraph\MicrosoftGraph.csproj", "{F4CBE490-FEBF-4C6B-9683-3A3CD881AB19}"
EndProject
Project("{FAE04EC0-301F-11D3-BF4B-00C04F79EFBC}") = "MicrosoftGraph.Core", "MicrosoftGraph.Core\MicrosoftGraph.Core.csproj", "{47B9B3E1-C2EB-49A8-91EF-7B32E6C6868B}"
EndProject
Global
	GlobalSection(SolutionConfigurationPlatforms) = preSolution
		Debug|Any CPU = Debug|Any CPU
		Release|Any CPU = Release|Any CPU
	EndGlobalSection
	GlobalSection(ProjectConfigurationPlatforms) = postSolution
		{F4CBE490-FEBF-4C6B-9683-3A3CD881AB19}.Debug|Any CPU.ActiveCfg = Debug|Any CPU
		{F4CBE490-FEBF-4C6B-9683-3A3CD881AB19}.Debug|Any CPU.Build.0 = Debug|Any CPU
		{F4CBE490-FEBF-4C6B-9683-3A3CD881AB19}.Release|Any CPU.ActiveCfg = Release|Any CPU
		{F4CBE490-FEBF-4C6B-9683-3A3CD881AB19}.Release|Any CPU.Build.0 = Release|Any CPU
		{47B9B3E1-C2EB-49A8-91EF-7B32E6C6868B}.Debug|Any CPU.ActiveCfg = Debug|Any CPU
		{47B9B3E1-C2EB-49A8-91EF-7B32E6C6868B}.Debug|Any CPU.Build.0 = Debug|Any CPU
		{47B9B3E1-C2EB-49A8-91EF-7B32E6C6868B}.Release|Any CPU.ActiveCfg = Release|Any CPU
		{47B9B3E1-C2EB-49A8-91EF-7B32E6C6868B}.Release|Any CPU.Build.0 = Release|Any CPU
	EndGlobalSection
	GlobalSection(SolutionProperties) = preSolution
		HideSolutionNode = FALSE
	EndGlobalSection
	GlobalSection(ExtensibilityGlobals) = postSolution
		SolutionGuid = {342F0176-6A2E-429D-9A12-F252D4541BEB}
	EndGlobalSection
EndGlobal
